
Microsoft Visual Studio Solution File, Format Version 12.00
# Visual Studio Version 17
VisualStudioVersion = 17.11.35219.272
MinimumVisualStudioVersion = 10.0.40219.1
Project("{FAE04EC0-301F-11D3-BF4B-00C04F79EFBC}") = "Highest Scoring Word", "Highest Scoring Word\Highest Scoring Word.csproj", "{2252B09D-7CB9-4902-AE3C-989118A6A7C7}"
EndProject
Global
	GlobalSection(SolutionConfigurationPlatforms) = preSolution
		Debug|Any CPU = Debug|Any CPU
		Release|Any CPU = Release|Any CPU
	EndGlobalSection
	GlobalSection(ProjectConfigurationPlatforms) = postSolution
		{2252B09D-7CB9-4902-AE3C-989118A6A7C7}.Debug|Any CPU.ActiveCfg = Debug|Any CPU
		{2252B09D-7CB9-4902-AE3C-989118A6A7C7}.Debug|Any CPU.Build.0 = Debug|Any CPU
		{2252B09D-7CB9-4902-AE3C-989118A6A7C7}.Release|Any CPU.ActiveCfg = Release|Any CPU
		{2252B09D-7CB9-4902-AE3C-989118A6A7C7}.Release|Any CPU.Build.0 = Release|Any CPU
	EndGlobalSection
	GlobalSection(SolutionProperties) = preSolution
		HideSolutionNode = FALSE
	EndGlobalSection
	GlobalSection(ExtensibilityGlobals) = postSolution
		SolutionGuid = {FEA8FF87-777D-444C-9B05-E5E0D5F44D0D}
	EndGlobalSection
EndGlobal
